
Microsoft Visual Studio Solution File, Format Version 12.00
# Visual Studio Version 17
VisualStudioVersion = 17.0.31903.59
MinimumVisualStudioVersion = 10.0.40219.1
Project("{FAE04EC0-301F-11D3-BF4B-00C04F79EFBC}") = "Select.Api", "Select.Api\Select.Api.csproj", "{2953CC75-862D-4588-B32F-66F1A4B61F76}"
EndProject
Project("{FAE04EC0-301F-11D3-BF4B-00C04F79EFBC}") = "Select.Api.Tests", "Select.Api.Tests\Select.Api.Tests.csproj", "{AAFC6F55-D5B2-4F72-9C77-20DF6AE4BB56}"
EndProject
Global
	GlobalSection(SolutionConfigurationPlatforms) = preSolution
		Debug|Any CPU = Debug|Any CPU
		Release|Any CPU = Release|Any CPU
	EndGlobalSection
	GlobalSection(SolutionProperties) = preSolution
		HideSolutionNode = FALSE
	EndGlobalSection
	GlobalSection(ProjectConfigurationPlatforms) = postSolution
		{2953CC75-862D-4588-B32F-66F1A4B61F76}.Debug|Any CPU.ActiveCfg = Debug|Any CPU
		{2953CC75-862D-4588-B32F-66F1A4B61F76}.Debug|Any CPU.Build.0 = Debug|Any CPU
		{2953CC75-862D-4588-B32F-66F1A4B61F76}.Release|Any CPU.ActiveCfg = Release|Any CPU
		{2953CC75-862D-4588-B32F-66F1A4B61F76}.Release|Any CPU.Build.0 = Release|Any CPU
		{AAFC6F55-D5B2-4F72-9C77-20DF6AE4BB56}.Debug|Any CPU.ActiveCfg = Debug|Any CPU
		{AAFC6F55-D5B2-4F72-9C77-20DF6AE4BB56}.Debug|Any CPU.Build.0 = Debug|Any CPU
		{AAFC6F55-D5B2-4F72-9C77-20DF6AE4BB56}.Release|Any CPU.ActiveCfg = Release|Any CPU
		{AAFC6F55-D5B2-4F72-9C77-20DF6AE4BB56}.Release|Any CPU.Build.0 = Release|Any CPU
	EndGlobalSection
EndGlobal
